// !$*UTF8*$!
{
	archiveVersion = 1;
	classes = {
	};
	objectVersion = 60;
	objects = {

/* Begin PBXBuildFile section */
		9FB457D22E6E48A700A5E34B /* FirebaseAnalyticsWithoutAdIdSupport in Frameworks */ = {isa = PBXBuildFile; productRef = 9FB457D12E6E48A700A5E34B /* FirebaseAnalyticsWithoutAdIdSupport */; };
		9FB457D42E6E48A700A5E34B /* FirebaseAuth in Frameworks */ = {isa = PBXBuildFile; productRef = 9FB457D32E6E48A700A5E34B /* FirebaseAuth */; };
		9FB457D62E6E48A700A5E34B /* FirebaseFirestore in Frameworks */ = {isa = PBXBuildFile; productRef = 9FB457D52E6E48A700A5E34B /* FirebaseFirestore */; };
		9FB457D82E6E48A700A5E34B /* FirebaseStorage in Frameworks */ = {isa = PBXBuildFile; productRef = 9FB457D72E6E48A700A5E34B /* FirebaseStorage */; };
		9FF1AAE72E6E35D90027D851 /* __5App.swift in Sources */ = {isa = PBXBuildFile; fileRef = 9FF1AAE62E6E35D90027D851 /* __5App.swift */; };
		9FF1AAE92E6E35D90027D851 /* ContentView.swift in Sources */ = {isa = PBXBuildFile; fileRef = 9FF1AAE82E6E35D90027D851 /* ContentView.swift */; };
		9FF1AAEB2E6E35D90027D851 /* Assets.xcassets in Resources */ = {isa = PBXBuildFile; fileRef = 9FF1AAEA2E6E35D90027D851 /* Assets.xcassets */; };
		9FF1AAEF2E6E35D90027D851 /* Preview Assets.xcassets in Resources */ = {isa = PBXBuildFile; fileRef = 9FF1AAEE2E6E35D90027D851 /* Preview Assets.xcassets */; };
		9FF1AAF92E6E35DA0027D851 /* __5Tests.swift in Sources */ = {isa = PBXBuildFile; fileRef = 9FF1AAF82E6E35DA0027D851 /* __5Tests.swift */; };
		9FF1AB032E6E35DA0027D851 /* __5UITests.swift in Sources */ = {isa = PBXBuildFile; fileRef = 9FF1AB022E6E35DA0027D851 /* __5UITests.swift */; };
		9FF1AB052E6E35DA0027D851 /* __5UITestsLaunchTests.swift in Sources */ = {isa = PBXBuildFile; fileRef = 9FF1AB042E6E35DA0027D851 /* __5UITestsLaunchTests.swift */; };
		9FF1AB122E6E3BE00027D851 /* GoogleService-Info.plist in Resources */ = {isa = PBXBuildFile; fileRef = 9FF1AB112E6E3BE00027D851 /* GoogleService-Info.plist */; };
		9FF1AB132E6E3BE00027D851 /* GoogleService-Info.plist in Resources */ = {isa = PBXBuildFile; fileRef = 9FF1AB112E6E3BE00027D851 /* GoogleService-Info.plist */; };
		9FF1AB142E6E3BE00027D851 /* GoogleService-Info.plist in Resources */ = {isa = PBXBuildFile; fileRef = 9FF1AB112E6E3BE00027D851 /* GoogleService-Info.plist */; };
/* End PBXBuildFile section */

/* Begin PBXContainerItemProxy section */
		9FF1AAF52E6E35DA0027D851 /* PBXContainerItemProxy */ = {
			isa = PBXContainerItemProxy;
			containerPortal = 9FF1AADB2E6E35D90027D851 /* Project object */;
			proxyType = 1;
			remoteGlobalIDString = 9FF1AAE22E6E35D90027D851;
			remoteInfo = "1-5";
		};
		9FF1AAFF2E6E35DA0027D851 /* PBXContainerItemProxy */ = {
			isa = PBXContainerItemProxy;
			containerPortal = 9FF1AADB2E6E35D90027D851 /* Project object */;
			proxyType = 1;
			remoteGlobalIDString = 9FF1AAE22E6E35D90027D851;
			remoteInfo = "1-5";
		};
/* End PBXContainerItemProxy section */

/* Begin PBXFileReference section */
		9FF1AAE32E6E35D90027D851 /* 1-5.app */ = {isa = PBXFileReference; explicitFileType = wrapper.application; includeInIndex = 0; path = "1-5.app"; sourceTree = BUILT_PRODUCTS_DIR; };
		9FF1AAE62E6E35D90027D851 /* __5App.swift */ = {isa = PBXFileReference; lastKnownFileType = sourcecode.swift; path = __5App.swift; sourceTree = "<group>"; };
		9FF1AAE82E6E35D90027D851 /* ContentView.swift */ = {isa = PBXFileReference; lastKnownFileType = sourcecode.swift; path = ContentView.swift; sourceTree = "<group>"; };
		9FF1AAEA2E6E35D90027D851 /* Assets.xcassets */ = {isa = PBXFileReference; lastKnownFileType = folder.assetcatalog; path = Assets.xcassets; sourceTree = "<group>"; };
		9FF1AAEC2E6E35D90027D851 /* __5.entitlements */ = {isa = PBXFileReference; lastKnownFileType = text.plist.entitlements; path = __5.entitlements; sourceTree = "<group>"; };
		9FF1AAEE2E6E35D90027D851 /* Preview Assets.xcassets */ = {isa = PBXFileReference; lastKnownFileType = folder.assetcatalog; path = "Preview Assets.xcassets"; sourceTree = "<group>"; };
		9FF1AAF42E6E35DA0027D851 /* 1-5Tests.xctest */ = {isa = PBXFileReference; explicitFileType = wrapper.cfbundle; includeInIndex = 0; path = "1-5Tests.xctest"; sourceTree = BUILT_PRODUCTS_DIR; };
		9FF1AAF82E6E35DA0027D851 /* __5Tests.swift */ = {isa = PBXFileReference; lastKnownFileType = sourcecode.swift; path = __5Tests.swift; sourceTree = "<group>"; };
		9FF1AAFE2E6E35DA0027D851 /* 1-5UITests.xctest */ = {isa = PBXFileReference; explicitFileType = wrapper.cfbundle; includeInIndex = 0; path = "1-5UITests.xctest"; sourceTree = BUILT_PRODUCTS_DIR; };
		9FF1AB022E6E35DA0027D851 /* __5UITests.swift */ = {isa = PBXFileReference; lastKnownFileType = sourcecode.swift; path = __5UITests.swift; sourceTree = "<group>"; };
		9FF1AB042E6E35DA0027D851 /* __5UITestsLaunchTests.swift */ = {isa = PBXFileReference; lastKnownFileType = sourcecode.swift; path = __5UITestsLaunchTests.swift; sourceTree = "<group>"; };
		9FF1AB112E6E3BE00027D851 /* GoogleService-Info.plist */ = {isa = PBXFileReference; fileEncoding = 4; lastKnownFileType = text.plist.xml; path = "GoogleService-Info.plist"; sourceTree = "<group>"; };
/* End PBXFileReference section */

/* Begin PBXFrameworksBuildPhase section */
		9FF1AAE02E6E35D90027D851 /* Frameworks */ = {
			isa = PBXFrameworksBuildPhase;
			buildActionMask = 2147483647;
			files = (
				9FB457D22E6E48A700A5E34B /* FirebaseAnalyticsWithoutAdIdSupport in Frameworks */,
				9FB457D82E6E48A700A5E34B /* FirebaseStorage in Frameworks */,
				9FB457D42E6E48A700A5E34B /* FirebaseAuth in Frameworks */,
				9FB457D62E6E48A700A5E34B /* FirebaseFirestore in Frameworks */,
			);
			runOnlyForDeploymentPostprocessing = 0;
		};
		9FF1AAF12E6E35DA0027D851 /* Frameworks */ = {
			isa = PBXFrameworksBuildPhase;
			buildActionMask = 2147483647;
			files = (
			);
			runOnlyForDeploymentPostprocessing = 0;
		};
		9FF1AAFB2E6E35DA0027D851 /* Frameworks */ = {
			isa = PBXFrameworksBuildPhase;
			buildActionMask = 2147483647;
			files = (
			);
			runOnlyForDeploymentPostprocessing = 0;
		};
/* End PBXFrameworksBuildPhase section */

/* Begin PBXGroup section */
		9FF1AADA2E6E35D90027D851 = {
			isa = PBXGroup;
			children = (
				9FF1AAE52E6E35D90027D851 /* 1-5 */,
				9FF1AAF72E6E35DA0027D851 /* 1-5Tests */,
				9FF1AB012E6E35DA0027D851 /* 1-5UITests */,
				9FF1AAE42E6E35D90027D851 /* Products */,
			);
			sourceTree = "<group>";
		};
		9FF1AAE42E6E35D90027D851 /* Products */ = {
			isa = PBXGroup;
			children = (
				9FF1AAE32E6E35D90027D851 /* 1-5.app */,
				9FF1AAF42E6E35DA0027D851 /* 1-5Tests.xctest */,
				9FF1AAFE2E6E35DA0027D851 /* 1-5UITests.xctest */,
			);
			name = Products;
			sourceTree = "<group>";
		};
		9FF1AAE52E6E35D90027D851 /* 1-5 */ = {
			isa = PBXGroup;
			children = (
				9FF1AAE62E6E35D90027D851 /* __5App.swift */,
				9FF1AAE82E6E35D90027D851 /* ContentView.swift */,
				9FF1AAEA2E6E35D90027D851 /* Assets.xcassets */,
				9FF1AAEC2E6E35D90027D851 /* __5.entitlements */,
				9FF1AB112E6E3BE00027D851 /* GoogleService-Info.plist */,
				9FF1AAED2E6E35D90027D851 /* Preview Content */,
			);
			path = "1-5";
			sourceTree = "<group>";
		};
		9FF1AAED2E6E35D90027D851 /* Preview Content */ = {
			isa = PBXGroup;
			children = (
				9FF1AAEE2E6E35D90027D851 /* Preview Assets.xcassets */,
			);
			path = "Preview Content";
			sourceTree = "<group>";
		};
		9FF1AAF72E6E35DA0027D851 /* 1-5Tests */ = {
			isa = PBXGroup;
			children = (
				9FF1AAF82E6E35DA0027D851 /* __5Tests.swift */,
			);
			path = "1-5Tests";
			sourceTree = "<group>";
		};
		9FF1AB012E6E35DA0027D851 /* 1-5UITests */ = {
			isa = PBXGroup;
			children = (
				9FF1AB022E6E35DA0027D851 /* __5UITests.swift */,
				9FF1AB042E6E35DA0027D851 /* __5UITestsLaunchTests.swift */,
			);
			path = "1-5UITests";
			sourceTree = "<group>";
		};
/* End PBXGroup section */

/* Begin PBXNativeTarget section */
		9FF1AAE22E6E35D90027D851 /* 1-5 */ = {
			isa = PBXNativeTarget;
			buildConfigurationList = 9FF1AB082E6E35DA0027D851 /* Build configuration list for PBXNativeTarget "1-5" */;
			buildPhases = (
				9FF1AADF2E6E35D90027D851 /* Sources */,
				9FF1AAE02E6E35D90027D851 /* Frameworks */,
				9FF1AAE12E6E35D90027D851 /* Resources */,
			);
			buildRules = (
			);
			dependencies = (
			);
			name = "1-5";
			packageProductDependencies = (
				9FB457D12E6E48A700A5E34B /* FirebaseAnalyticsWithoutAdIdSupport */,
				9FB457D32E6E48A700A5E34B /* FirebaseAuth */,
				9FB457D52E6E48A700A5E34B /* FirebaseFirestore */,
				9FB457D72E6E48A700A5E34B /* FirebaseStorage */,
			);
			productName = "1-5";
			productReference = 9FF1AAE32E6E35D90027D851 /* 1-5.app */;
			productType = "com.apple.product-type.application";
		};
		9FF1AAF32E6E35DA0027D851 /* 1-5Tests */ = {
			isa = PBXNativeTarget;
			buildConfigurationList = 9FF1AB0B2E6E35DA0027D851 /* Build configuration list for PBXNativeTarget "1-5Tests" */;
			buildPhases = (
				9FF1AAF02E6E35DA0027D851 /* Sources */,
				9FF1AAF12E6E35DA0027D851 /* Frameworks */,
				9FF1AAF22E6E35DA0027D851 /* Resources */,
			);
			buildRules = (
			);
			dependencies = (
				9FF1AAF62E6E35DA0027D851 /* PBXTargetDependency */,
			);
			name = "1-5Tests";
			productName = "1-5Tests";
			productReference = 9FF1AAF42E6E35DA0027D851 /* 1-5Tests.xctest */;
			productType = "com.apple.product-type.bundle.unit-test";
		};
		9FF1AAFD2E6E35DA0027D851 /* 1-5UITests */ = {
			isa = PBXNativeTarget;
			buildConfigurationList = 9FF1AB0E2E6E35DA0027D851 /* Build configuration list for PBXNativeTarget "1-5UITests" */;
			buildPhases = (
				9FF1AAFA2E6E35DA0027D851 /* Sources */,
				9FF1AAFB2E6E35DA0027D851 /* Frameworks */,
				9FF1AAFC2E6E35DA0027D851 /* Resources */,
			);
			buildRules = (
			);
			dependencies = (
				9FF1AB002E6E35DA0027D851 /* PBXTargetDependency */,
			);
			name = "1-5UITests";
			productName = "1-5UITests";
			productReference = 9FF1AAFE2E6E35DA0027D851 /* 1-5UITests.xctest */;
			productType = "com.apple.product-type.bundle.ui-testing";
		};
/* End PBXNativeTarget section */

/* Begin PBXProject section */
		9FF1AADB2E6E35D90027D851 /* Project object */ = {
			isa = PBXProject;
			attributes = {
				BuildIndependentTargetsInParallel = 1;
				LastSwiftUpdateCheck = 1540;
				LastUpgradeCheck = 1540;
				TargetAttributes = {
					9FF1AAE22E6E35D90027D851 = {
						CreatedOnToolsVersion = 15.4;
					};
					9FF1AAF32E6E35DA0027D851 = {
						CreatedOnToolsVersion = 15.4;
						TestTargetID = 9FF1AAE22E6E35D90027D851;
					};
					9FF1AAFD2E6E35DA0027D851 = {
						CreatedOnToolsVersion = 15.4;
						TestTargetID = 9FF1AAE22E6E35D90027D851;
					};
				};
			};
			buildConfigurationList = 9FF1AADE2E6E35D90027D851 /* Build configuration list for PBXProject "1-5" */;
			compatibilityVersion = "Xcode 14.0";
			developmentRegion = en;
			hasScannedForEncodings = 0;
			knownRegions = (
				en,
				Base,
			);
			mainGroup = 9FF1AADA2E6E35D90027D851;
			packageReferences = (
				9FB457D02E6E48A700A5E34B /* XCLocalSwiftPackageReference "../../firebase-ios-sdk" */,
			);
			productRefGroup = 9FF1AAE42E6E35D90027D851 /* Products */;
			projectDirPath = "";
			projectRoot = "";
			targets = (
				9FF1AAE22E6E35D90027D851 /* 1-5 */,
				9FF1AAF32E6E35DA0027D851 /* 1-5Tests */,
				9FF1AAFD2E6E35DA0027D851 /* 1-5UITests */,
			);
		};
/* End PBXProject section */

/* Begin PBXResourcesBuildPhase section */
		9FF1AAE12E6E35D90027D851 /* Resources */ = {
			isa = PBXResourcesBuildPhase;
			buildActionMask = 2147483647;
			files = (
				9FF1AAEF2E6E35D90027D851 /* Preview Assets.xcassets in Resources */,
				9FF1AAEB2E6E35D90027D851 /* Assets.xcassets in Resources */,
				9FF1AB122E6E3BE00027D851 /* GoogleService-Info.plist in Resources */,
			);
			runOnlyForDeploymentPostprocessing = 0;
		};
		9FF1AAF22E6E35DA0027D851 /* Resources */ = {
			isa = PBXResourcesBuildPhase;
			buildActionMask = 2147483647;
			files = (
				9FF1AB132E6E3BE00027D851 /* GoogleService-Info.plist in Resources */,
			);
			runOnlyForDeploymentPostprocessing = 0;
		};
		9FF1AAFC2E6E35DA0027D851 /* Resources */ = {
			isa = PBXResourcesBuildPhase;
			buildActionMask = 2147483647;
			files = (
				9FF1AB142E6E3BE00027D851 /* GoogleService-Info.plist in Resources */,
			);
			runOnlyForDeploymentPostprocessing = 0;
		};
/* End PBXResourcesBuildPhase section */

/* Begin PBXSourcesBuildPhase section */
		9FF1AADF2E6E35D90027D851 /* Sources */ = {
			isa = PBXSourcesBuildPhase;
			buildActionMask = 2147483647;
			files = (
				9FF1AAE92E6E35D90027D851 /* ContentView.swift in Sources */,
				9FF1AAE72E6E35D90027D851 /* __5App.swift in Sources */,
			);
			runOnlyForDeploymentPostprocessing = 0;
		};
		9FF1AAF02E6E35DA0027D851 /* Sources */ = {
			isa = PBXSourcesBuildPhase;
			buildActionMask = 2147483647;
			files = (
				9FF1AAF92E6E35DA0027D851 /* __5Tests.swift in Sources */,
			);
			runOnlyForDeploymentPostprocessing = 0;
		};
		9FF1AAFA2E6E35DA0027D851 /* Sources */ = {
			isa = PBXSourcesBuildPhase;
			buildActionMask = 2147483647;
			files = (
				9FF1AB052E6E35DA0027D851 /* __5UITestsLaunchTests.swift in Sources */,
				9FF1AB032E6E35DA0027D851 /* __5UITests.swift in Sources */,
			);
			runOnlyForDeploymentPostprocessing = 0;
		};
/* End PBXSourcesBuildPhase section */

/* Begin PBXTargetDependency section */
		9FF1AAF62E6E35DA0027D851 /* PBXTargetDependency */ = {
			isa = PBXTargetDependency;
			target = 9FF1AAE22E6E35D90027D851 /* 1-5 */;
			targetProxy = 9FF1AAF52E6E35DA0027D851 /* PBXContainerItemProxy */;
		};
		9FF1AB002E6E35DA0027D851 /* PBXTargetDependency */ = {
			isa = PBXTargetDependency;
			target = 9FF1AAE22E6E35D90027D851 /* 1-5 */;
			targetProxy = 9FF1AAFF2E6E35DA0027D851 /* PBXContainerItemProxy */;
		};
/* End PBXTargetDependency section */

/* Begin XCBuildConfiguration section */
		9FF1AB062E6E35DA0027D851 /* Debug */ = {
			isa = XCBuildConfiguration;
			buildSettings = {
				ALWAYS_SEARCH_USER_PATHS = NO;
				ASSETCATALOG_COMPILER_GENERATE_SWIFT_ASSET_SYMBOL_EXTENSIONS = YES;
				CLANG_ANALYZER_NONNULL = YES;
				CLANG_ANALYZER_NUMBER_OBJECT_CONVERSION = YES_AGGRESSIVE;
				CLANG_CXX_LANGUAGE_STANDARD = "gnu++20";
				CLANG_ENABLE_MODULES = YES;
				CLANG_ENABLE_OBJC_ARC = YES;
				CLANG_ENABLE_OBJC_WEAK = YES;
				CLANG_WARN_BLOCK_CAPTURE_AUTORELEASING = YES;
				CLANG_WARN_BOOL_CONVERSION = YES;
				CLANG_WARN_COMMA = YES;
				CLANG_WARN_CONSTANT_CONVERSION = YES;
				CLANG_WARN_DEPRECATED_OBJC_IMPLEMENTATIONS = YES;
				CLANG_WARN_DIRECT_OBJC_ISA_USAGE = YES_ERROR;
				CLANG_WARN_DOCUMENTATION_COMMENTS = YES;
				CLANG_WARN_EMPTY_BODY = YES;
				CLANG_WARN_ENUM_CONVERSION = YES;
				CLANG_WARN_INFINITE_RECURSION = YES;
				CLANG_WARN_INT_CONVERSION = YES;
				CLANG_WARN_NON_LITERAL_NULL_CONVERSION = YES;
				CLANG_WARN_OBJC_IMPLICIT_RETAIN_SELF = YES;
				CLANG_WARN_OBJC_LITERAL_CONVERSION = YES;
				CLANG_WARN_OBJC_ROOT_CLASS = YES_ERROR;
				CLANG_WARN_QUOTED_INCLUDE_IN_FRAMEWORK_HEADER = YES;
				CLANG_WARN_RANGE_LOOP_ANALYSIS = YES;
				CLANG_WARN_STRICT_PROTOTYPES = YES;
				CLANG_WARN_SUSPICIOUS_MOVE = YES;
				CLANG_WARN_UNGUARDED_AVAILABILITY = YES_AGGRESSIVE;
				CLANG_WARN_UNREACHABLE_CODE = YES;
				CLANG_WARN__DUPLICATE_METHOD_MATCH = YES;
				COPY_PHASE_STRIP = NO;
				DEBUG_INFORMATION_FORMAT = dwarf;
				ENABLE_STRICT_OBJC_MSGSEND = YES;
				ENABLE_TESTABILITY = YES;
				ENABLE_USER_SCRIPT_SANDBOXING = YES;
				GCC_C_LANGUAGE_STANDARD = gnu17;
				GCC_DYNAMIC_NO_PIC = NO;
				GCC_NO_COMMON_BLOCKS = YES;
				GCC_OPTIMIZATION_LEVEL = 0;
				GCC_PREPROCESSOR_DEFINITIONS = (
					"DEBUG=1",
					"$(inherited)",
				);
				GCC_WARN_64_TO_32_BIT_CONVERSION = YES;
				GCC_WARN_ABOUT_RETURN_TYPE = YES_ERROR;
				GCC_WARN_UNDECLARED_SELECTOR = YES;
				GCC_WARN_UNINITIALIZED_AUTOS = YES_AGGRESSIVE;
				GCC_WARN_UNUSED_FUNCTION = YES;
				GCC_WARN_UNUSED_VARIABLE = YES;
				LOCALIZATION_PREFERS_STRING_CATALOGS = YES;
				MTL_ENABLE_DEBUG_INFO = INCLUDE_SOURCE;
				MTL_FAST_MATH = YES;
				ONLY_ACTIVE_ARCH = YES;
				SWIFT_ACTIVE_COMPILATION_CONDITIONS = "DEBUG $(inherited)";
				SWIFT_OPTIMIZATION_LEVEL = "-Onone";
			};
			name = Debug;
		};
		9FF1AB072E6E35DA0027D851 /* Release */ = {
			isa = XCBuildConfiguration;
			buildSettings = {
				ALWAYS_SEARCH_USER_PATHS = NO;
				ASSETCATALOG_COMPILER_GENERATE_SWIFT_ASSET_SYMBOL_EXTENSIONS = YES;
				CLANG_ANALYZER_NONNULL = YES;
				CLANG_ANALYZER_NUMBER_OBJECT_CONVERSION = YES_AGGRESSIVE;
				CLANG_CXX_LANGUAGE_STANDARD = "gnu++20";
				CLANG_ENABLE_MODULES = YES;
				CLANG_ENABLE_OBJC_ARC = YES;
				CLANG_ENABLE_OBJC_WEAK = YES;
				CLANG_WARN_BLOCK_CAPTURE_AUTORELEASING = YES;
				CLANG_WARN_BOOL_CONVERSION = YES;
				CLANG_WARN_COMMA = YES;
				CLANG_WARN_CONSTANT_CONVERSION = YES;
				CLANG_WARN_DEPRECATED_OBJC_IMPLEMENTATIONS = YES;
				CLANG_WARN_DIRECT_OBJC_ISA_USAGE = YES_ERROR;
				CLANG_WARN_DOCUMENTATION_COMMENTS = YES;
				CLANG_WARN_EMPTY_BODY = YES;
				CLANG_WARN_ENUM_CONVERSION = YES;
				CLANG_WARN_INFINITE_RECURSION = YES;
				CLANG_WARN_INT_CONVERSION = YES;
				CLANG_WARN_NON_LITERAL_NULL_CONVERSION = YES;
				CLANG_WARN_OBJC_IMPLICIT_RETAIN_SELF = YES;
				CLANG_WARN_OBJC_LITERAL_CONVERSION = YES;
				CLANG_WARN_OBJC_ROOT_CLASS = YES_ERROR;
				CLANG_WARN_QUOTED_INCLUDE_IN_FRAMEWORK_HEADER = YES;
				CLANG_WARN_RANGE_LOOP_ANALYSIS = YES;
				CLANG_WARN_STRICT_PROTOTYPES = YES;
				CLANG_WARN_SUSPICIOUS_MOVE = YES;
				CLANG_WARN_UNGUARDED_AVAILABILITY = YES_AGGRESSIVE;
				CLANG_WARN_UNREACHABLE_CODE = YES;
				CLANG_WARN__DUPLICATE_METHOD_MATCH = YES;
				COPY_PHASE_STRIP = NO;
				DEBUG_INFORMATION_FORMAT = "dwarf-with-dsym";
				ENABLE_NS_ASSERTIONS = NO;
				ENABLE_STRICT_OBJC_MSGSEND = YES;
				ENABLE_USER_SCRIPT_SANDBOXING = YES;
				GCC_C_LANGUAGE_STANDARD = gnu17;
				GCC_NO_COMMON_BLOCKS = YES;
				GCC_WARN_64_TO_32_BIT_CONVERSION = YES;
				GCC_WARN_ABOUT_RETURN_TYPE = YES_ERROR;
				GCC_WARN_UNDECLARED_SELECTOR = YES;
				GCC_WARN_UNINITIALIZED_AUTOS = YES_AGGRESSIVE;
				GCC_WARN_UNUSED_FUNCTION = YES;
				GCC_WARN_UNUSED_VARIABLE = YES;
				LOCALIZATION_PREFERS_STRING_CATALOGS = YES;
				MTL_ENABLE_DEBUG_INFO = NO;
				MTL_FAST_MATH = YES;
				SWIFT_COMPILATION_MODE = wholemodule;
			};
			name = Release;
		};
		9FF1AB092E6E35DA0027D851 /* Debug */ = {
			isa = XCBuildConfiguration;
			buildSettings = {
				ASSETCATALOG_COMPILER_APPICON_NAME = AppIcon;
				ASSETCATALOG_COMPILER_GLOBAL_ACCENT_COLOR_NAME = AccentColor;
				CODE_SIGN_ENTITLEMENTS = "1-5/__5.entitlements";
				CODE_SIGN_STYLE = Automatic;
				CURRENT_PROJECT_VERSION = 1;
				DEVELOPMENT_ASSET_PATHS = "\"1-5/Preview Content\"";
				DEVELOPMENT_TEAM = UJ5WYBK6TL;
				ENABLE_HARDENED_RUNTIME = YES;
				ENABLE_PREVIEWS = YES;
				"FRAMEWORK_SEARCH_PATHS[arch=*]" = (
					"$(inherited)",
					"\"${PODS_CONFIGURATION_BUILD_DIR}/BoringSSL-GRPC\"",
					"\"${PODS_CONFIGURATION_BUILD_DIR}/FirebaseAppCheckInterop\"",
					"\"${PODS_CONFIGURATION_BUILD_DIR}/FirebaseAuth\"",
					"\"${PODS_CONFIGURATION_BUILD_DIR}/FirebaseAuthInterop\"",
					"\"${PODS_CONFIGURATION_BUILD_DIR}/FirebaseCore\"",
					"\"${PODS_CONFIGURATION_BUILD_DIR}/FirebaseCoreExtension\"",
					"\"${PODS_CONFIGURATION_BUILD_DIR}/FirebaseCoreInternal\"",
					"\"${PODS_CONFIGURATION_BUILD_DIR}/FirebaseFirestore\"",
					"\"${PODS_CONFIGURATION_BUILD_DIR}/FirebaseFirestoreInternal\"",
					"\"${PODS_CONFIGURATION_BUILD_DIR}/FirebaseInstallations\"",
					"\"${PODS_CONFIGURATION_BUILD_DIR}/FirebaseSharedSwift\"",
					"\"${PODS_CONFIGURATION_BUILD_DIR}/FirebaseStorage\"",
					"\"${PODS_CONFIGURATION_BUILD_DIR}/GTMSessionFetcher\"",
					"\"${PODS_CONFIGURATION_BUILD_DIR}/GoogleUtilities\"",
					"\"${PODS_CONFIGURATION_BUILD_DIR}/PromisesObjC\"",
					"\"${PODS_CONFIGURATION_BUILD_DIR}/RecaptchaInterop\"",
					"\"${PODS_CONFIGURATION_BUILD_DIR}/abseil\"",
					"\"${PODS_CONFIGURATION_BUILD_DIR}/gRPC-C++\"",
					"\"${PODS_CONFIGURATION_BUILD_DIR}/gRPC-Core\"",
					"\"${PODS_CONFIGURATION_BUILD_DIR}/leveldb-library\"",
					"\"${PODS_CONFIGURATION_BUILD_DIR}/nanopb\"",
					"\"${PODS_ROOT}/FirebaseAnalytics/Frameworks\"",
					"\"${PODS_ROOT}/GoogleAdsOnDeviceConversion/Frameworks\"",
					"\"${PODS_ROOT}/GoogleAppMeasurement/Frameworks\"",
					"\"${PODS_XCFRAMEWORKS_BUILD_DIR}/FirebaseAnalytics/Default\"",
					"\"${PODS_XCFRAMEWORKS_BUILD_DIR}/GoogleAdsOnDeviceConversion\"",
					"\"${PODS_XCFRAMEWORKS_BUILD_DIR}/GoogleAppMeasurement/Core\"",
					"\"${PODS_XCFRAMEWORKS_BUILD_DIR}/GoogleAppMeasurement/IdentitySupport\"",
				);
				GENERATE_INFOPLIST_FILE = YES;
				"INFOPLIST_KEY_UIApplicationSceneManifest_Generation[sdk=iphoneos*]" = YES;
				"INFOPLIST_KEY_UIApplicationSceneManifest_Generation[sdk=iphonesimulator*]" = YES;
				"INFOPLIST_KEY_UIApplicationSupportsIndirectInputEvents[sdk=iphoneos*]" = YES;
				"INFOPLIST_KEY_UIApplicationSupportsIndirectInputEvents[sdk=iphonesimulator*]" = YES;
				"INFOPLIST_KEY_UILaunchScreen_Generation[sdk=iphoneos*]" = YES;
				"INFOPLIST_KEY_UILaunchScreen_Generation[sdk=iphonesimulator*]" = YES;
				"INFOPLIST_KEY_UIStatusBarStyle[sdk=iphoneos*]" = UIStatusBarStyleDefault;
				"INFOPLIST_KEY_UIStatusBarStyle[sdk=iphonesimulator*]" = UIStatusBarStyleDefault;
				INFOPLIST_KEY_UISupportedInterfaceOrientations_iPad = "UIInterfaceOrientationPortrait UIInterfaceOrientationPortraitUpsideDown UIInterfaceOrientationLandscapeLeft UIInterfaceOrientationLandscapeRight";
				INFOPLIST_KEY_UISupportedInterfaceOrientations_iPhone = "UIInterfaceOrientationPortrait UIInterfaceOrientationLandscapeLeft UIInterfaceOrientationLandscapeRight";
				IPHONEOS_DEPLOYMENT_TARGET = 17.5;
				LD_RUNPATH_SEARCH_PATHS = "@executable_path/Frameworks";
				"LD_RUNPATH_SEARCH_PATHS[sdk=macosx*]" = "@executable_path/../Frameworks";
				MACOSX_DEPLOYMENT_TARGET = 14.5;
				MARKETING_VERSION = 1.0;
				PRODUCT_BUNDLE_IDENTIFIER = "com.TaranPatibanda.--5";
				PRODUCT_NAME = "$(TARGET_NAME)";
				SDKROOT = auto;
				SUPPORTED_PLATFORMS = "iphoneos iphonesimulator macosx";
				SWIFT_EMIT_LOC_STRINGS = YES;
				SWIFT_VERSION = 5.0;
				TARGETED_DEVICE_FAMILY = "1,2";
			};
			name = Debug;
		};
		9FF1AB0A2E6E35DA0027D851 /* Release */ = {
			isa = XCBuildConfiguration;
			buildSettings = {
				ASSETCATALOG_COMPILER_APPICON_NAME = AppIcon;
				ASSETCATALOG_COMPILER_GLOBAL_ACCENT_COLOR_NAME = AccentColor;
				CODE_SIGN_ENTITLEMENTS = "1-5/__5.entitlements";
				CODE_SIGN_STYLE = Automatic;
				CURRENT_PROJECT_VERSION = 1;
				DEVELOPMENT_ASSET_PATHS = "\"1-5/Preview Content\"";
				DEVELOPMENT_TEAM = UJ5WYBK6TL;
				ENABLE_HARDENED_RUNTIME = YES;
				ENABLE_PREVIEWS = YES;
				GENERATE_INFOPLIST_FILE = YES;
				"INFOPLIST_KEY_UIApplicationSceneManifest_Generation[sdk=iphoneos*]" = YES;
				"INFOPLIST_KEY_UIApplicationSceneManifest_Generation[sdk=iphonesimulator*]" = YES;
				"INFOPLIST_KEY_UIApplicationSupportsIndirectInputEvents[sdk=iphoneos*]" = YES;
				"INFOPLIST_KEY_UIApplicationSupportsIndirectInputEvents[sdk=iphonesimulator*]" = YES;
				"INFOPLIST_KEY_UILaunchScreen_Generation[sdk=iphoneos*]" = YES;
				"INFOPLIST_KEY_UILaunchScreen_Generation[sdk=iphonesimulator*]" = YES;
				"INFOPLIST_KEY_UIStatusBarStyle[sdk=iphoneos*]" = UIStatusBarStyleDefault;
				"INFOPLIST_KEY_UIStatusBarStyle[sdk=iphonesimulator*]" = UIStatusBarStyleDefault;
				INFOPLIST_KEY_UISupportedInterfaceOrientations_iPad = "UIInterfaceOrientationPortrait UIInterfaceOrientationPortraitUpsideDown UIInterfaceOrientationLandscapeLeft UIInterfaceOrientationLandscapeRight";
				INFOPLIST_KEY_UISupportedInterfaceOrientations_iPhone = "UIInterfaceOrientationPortrait UIInterfaceOrientationLandscapeLeft UIInterfaceOrientationLandscapeRight";
				IPHONEOS_DEPLOYMENT_TARGET = 17.5;
				LD_RUNPATH_SEARCH_PATHS = "@executable_path/Frameworks";
				"LD_RUNPATH_SEARCH_PATHS[sdk=macosx*]" = "@executable_path/../Frameworks";
				MACOSX_DEPLOYMENT_TARGET = 14.5;
				MARKETING_VERSION = 1.0;
				PRODUCT_BUNDLE_IDENTIFIER = "com.TaranPatibanda.--5";
				PRODUCT_NAME = "$(TARGET_NAME)";
				SDKROOT = auto;
				SUPPORTED_PLATFORMS = "iphoneos iphonesimulator macosx";
				SWIFT_EMIT_LOC_STRINGS = YES;
				SWIFT_VERSION = 5.0;
				TARGETED_DEVICE_FAMILY = "1,2";
			};
			name = Release;
		};
		9FF1AB0C2E6E35DA0027D851 /* Debug */ = {
			isa = XCBuildConfiguration;
			buildSettings = {
				ALWAYS_EMBED_SWIFT_STANDARD_LIBRARIES = YES;
				BUNDLE_LOADER = "$(TEST_HOST)";
				CODE_SIGN_STYLE = Automatic;
				CURRENT_PROJECT_VERSION = 1;
				DEVELOPMENT_TEAM = UJ5WYBK6TL;
				GENERATE_INFOPLIST_FILE = YES;
				IPHONEOS_DEPLOYMENT_TARGET = 17.5;
				MACOSX_DEPLOYMENT_TARGET = 14.5;
				MARKETING_VERSION = 1.0;
				PRODUCT_BUNDLE_IDENTIFIER = "com.TaranPatibanda.--5Tests";
				PRODUCT_NAME = "$(TARGET_NAME)";
				SDKROOT = auto;
				SUPPORTED_PLATFORMS = "iphoneos iphonesimulator macosx";
				SWIFT_EMIT_LOC_STRINGS = NO;
				SWIFT_VERSION = 5.0;
				TARGETED_DEVICE_FAMILY = "1,2";
				TEST_HOST = "$(BUILT_PRODUCTS_DIR)/1-5.app/$(BUNDLE_EXECUTABLE_FOLDER_PATH)/1-5";
			};
			name = Debug;
		};
		9FF1AB0D2E6E35DA0027D851 /* Release */ = {
			isa = XCBuildConfiguration;
			buildSettings = {
				ALWAYS_EMBED_SWIFT_STANDARD_LIBRARIES = YES;
				BUNDLE_LOADER = "$(TEST_HOST)";
				CODE_SIGN_STYLE = Automatic;
				CURRENT_PROJECT_VERSION = 1;
				DEVELOPMENT_TEAM = UJ5WYBK6TL;
				GENERATE_INFOPLIST_FILE = YES;
				IPHONEOS_DEPLOYMENT_TARGET = 17.5;
				MACOSX_DEPLOYMENT_TARGET = 14.5;
				MARKETING_VERSION = 1.0;
				PRODUCT_BUNDLE_IDENTIFIER = "com.TaranPatibanda.--5Tests";
				PRODUCT_NAME = "$(TARGET_NAME)";
				SDKROOT = auto;
				SUPPORTED_PLATFORMS = "iphoneos iphonesimulator macosx";
				SWIFT_EMIT_LOC_STRINGS = NO;
				SWIFT_VERSION = 5.0;
				TARGETED_DEVICE_FAMILY = "1,2";
				TEST_HOST = "$(BUILT_PRODUCTS_DIR)/1-5.app/$(BUNDLE_EXECUTABLE_FOLDER_PATH)/1-5";
			};
			name = Release;
		};
		9FF1AB0F2E6E35DA0027D851 /* Debug */ = {
			isa = XCBuildConfiguration;
			buildSettings = {
				ALWAYS_EMBED_SWIFT_STANDARD_LIBRARIES = YES;
				CODE_SIGN_STYLE = Automatic;
				CURRENT_PROJECT_VERSION = 1;
				DEVELOPMENT_TEAM = UJ5WYBK6TL;
				GENERATE_INFOPLIST_FILE = YES;
				IPHONEOS_DEPLOYMENT_TARGET = 17.5;
				MACOSX_DEPLOYMENT_TARGET = 14.5;
				MARKETING_VERSION = 1.0;
				PRODUCT_BUNDLE_IDENTIFIER = "com.TaranPatibanda.--5UITests";
				PRODUCT_NAME = "$(TARGET_NAME)";
				SDKROOT = auto;
				SUPPORTED_PLATFORMS = "iphoneos iphonesimulator macosx";
				SWIFT_EMIT_LOC_STRINGS = NO;
				SWIFT_VERSION = 5.0;
				TARGETED_DEVICE_FAMILY = "1,2";
				TEST_TARGET_NAME = "1-5";
			};
			name = Debug;
		};
		9FF1AB102E6E35DA0027D851 /* Release */ = {
			isa = XCBuildConfiguration;
			buildSettings = {
				ALWAYS_EMBED_SWIFT_STANDARD_LIBRARIES = YES;
				CODE_SIGN_STYLE = Automatic;
				CURRENT_PROJECT_VERSION = 1;
				DEVELOPMENT_TEAM = UJ5WYBK6TL;
				GENERATE_INFOPLIST_FILE = YES;
				IPHONEOS_DEPLOYMENT_TARGET = 17.5;
				MACOSX_DEPLOYMENT_TARGET = 14.5;
				MARKETING_VERSION = 1.0;
				PRODUCT_BUNDLE_IDENTIFIER = "com.TaranPatibanda.--5UITests";
				PRODUCT_NAME = "$(TARGET_NAME)";
				SDKROOT = auto;
				SUPPORTED_PLATFORMS = "iphoneos iphonesimulator macosx";
				SWIFT_EMIT_LOC_STRINGS = NO;
				SWIFT_VERSION = 5.0;
				TARGETED_DEVICE_FAMILY = "1,2";
				TEST_TARGET_NAME = "1-5";
			};
			name = Release;
		};
/* End XCBuildConfiguration section */

/* Begin XCConfigurationList section */
		9FF1AADE2E6E35D90027D851 /* Build configuration list for PBXProject "1-5" */ = {
			isa = XCConfigurationList;
			buildConfigurations = (
				9FF1AB062E6E35DA0027D851 /* Debug */,
				9FF1AB072E6E35DA0027D851 /* Release */,
			);
			defaultConfigurationIsVisible = 0;
			defaultConfigurationName = Release;
		};
		9FF1AB082E6E35DA0027D851 /* Build configuration list for PBXNativeTarget "1-5" */ = {
			isa = XCConfigurationList;
			buildConfigurations = (
				9FF1AB092E6E35DA0027D851 /* Debug */,
				9FF1AB0A2E6E35DA0027D851 /* Release */,
			);
			defaultConfigurationIsVisible = 0;
			defaultConfigurationName = Release;
		};
		9FF1AB0B2E6E35DA0027D851 /* Build configuration list for PBXNativeTarget "1-5Tests" */ = {
			isa = XCConfigurationList;
			buildConfigurations = (
				9FF1AB0C2E6E35DA0027D851 /* Debug */,
				9FF1AB0D2E6E35DA0027D851 /* Release */,
			);
			defaultConfigurationIsVisible = 0;
			defaultConfigurationName = Release;
		};
		9FF1AB0E2E6E35DA0027D851 /* Build configuration list for PBXNativeTarget "1-5UITests" */ = {
			isa = XCConfigurationList;
			buildConfigurations = (
				9FF1AB0F2E6E35DA0027D851 /* Debug */,
				9FF1AB102E6E35DA0027D851 /* Release */,
			);
			defaultConfigurationIsVisible = 0;
			defaultConfigurationName = Release;
		};
/* End XCConfigurationList section */

/* Begin XCLocalSwiftPackageReference section */
		9FB457D02E6E48A700A5E34B /* XCLocalSwiftPackageReference "../../firebase-ios-sdk" */ = {
			isa = XCLocalSwiftPackageReference;
			relativePath = "../../firebase-ios-sdk";
		};
/* End XCLocalSwiftPackageReference section */

/* Begin XCSwiftPackageProductDependency section */
		9FB457D12E6E48A700A5E34B /* FirebaseAnalyticsWithoutAdIdSupport */ = {
			isa = XCSwiftPackageProductDependency;
			productName = FirebaseAnalyticsWithoutAdIdSupport;
		};
		9FB457D32E6E48A700A5E34B /* FirebaseAuth */ = {
			isa = XCSwiftPackageProductDependency;
			productName = FirebaseAuth;
		};
		9FB457D52E6E48A700A5E34B /* FirebaseFirestore */ = {
			isa = XCSwiftPackageProductDependency;
			productName = FirebaseFirestore;
		};
		9FB457D72E6E48A700A5E34B /* FirebaseStorage */ = {
			isa = XCSwiftPackageProductDependency;
			productName = FirebaseStorage;
		};
/* End XCSwiftPackageProductDependency section */
	};
	rootObject = 9FF1AADB2E6E35D90027D851 /* Project object */;
}
